// !$*UTF8*$!
{
	archiveVersion = 1;
	classes = {
	};
	objectVersion = 46;
	objects = {

/* Begin PBXBuildFile section */
		633CB4B31CEF379F00CB35C7 /* AppDelegate.swift in Sources */ = {isa = PBXBuildFile; fileRef = 633CB4B21CEF379F00CB35C7 /* AppDelegate.swift */; };
		633CB4B51CEF379F00CB35C7 /* ViewController.swift in Sources */ = {isa = PBXBuildFile; fileRef = 633CB4B41CEF379F00CB35C7 /* ViewController.swift */; };
		633CB4B81CEF379F00CB35C7 /* Main.storyboard in Resources */ = {isa = PBXBuildFile; fileRef = 633CB4B61CEF379F00CB35C7 /* Main.storyboard */; };
		633CB4BA1CEF37A000CB35C7 /* Assets.xcassets in Resources */ = {isa = PBXBuildFile; fileRef = 633CB4B91CEF37A000CB35C7 /* Assets.xcassets */; };
		633CB4BD1CEF37A000CB35C7 /* LaunchScreen.storyboard in Resources */ = {isa = PBXBuildFile; fileRef = 633CB4BB1CEF37A000CB35C7 /* LaunchScreen.storyboard */; };
		633CB4C81CEF37A000CB35C7 /* FIPETests.swift in Sources */ = {isa = PBXBuildFile; fileRef = 633CB4C71CEF37A000CB35C7 /* FIPETests.swift */; };
		633CB4D31CEF37A000CB35C7 /* FIPEUITests.swift in Sources */ = {isa = PBXBuildFile; fileRef = 633CB4D21CEF37A000CB35C7 /* FIPEUITests.swift */; };
/* End PBXBuildFile section */

/* Begin PBXContainerItemProxy section */
		633CB4C41CEF37A000CB35C7 /* PBXContainerItemProxy */ = {
			isa = PBXContainerItemProxy;
			containerPortal = 633CB4A71CEF379F00CB35C7 /* Project object */;
			proxyType = 1;
			remoteGlobalIDString = 633CB4AE1CEF379F00CB35C7;
			remoteInfo = FIPE;
		};
		633CB4CF1CEF37A000CB35C7 /* PBXContainerItemProxy */ = {
			isa = PBXContainerItemProxy;
			containerPortal = 633CB4A71CEF379F00CB35C7 /* Project object */;
			proxyType = 1;
			remoteGlobalIDString = 633CB4AE1CEF379F00CB35C7;
			remoteInfo = FIPE;
		};
/* End PBXContainerItemProxy section */

/* Begin PBXFileReference section */
		633CB4AF1CEF379F00CB35C7 /* FIPE.app */ = {isa = PBXFileReference; explicitFileType = wrapper.application; includeInIndex = 0; path = FIPE.app; sourceTree = BUILT_PRODUCTS_DIR; };
		633CB4B21CEF379F00CB35C7 /* AppDelegate.swift */ = {isa = PBXFileReference; lastKnownFileType = sourcecode.swift; path = AppDelegate.swift; sourceTree = "<group>"; };
		633CB4B41CEF379F00CB35C7 /* ViewController.swift */ = {isa = PBXFileReference; lastKnownFileType = sourcecode.swift; path = ViewController.swift; sourceTree = "<group>"; };
		633CB4B71CEF379F00CB35C7 /* Base */ = {isa = PBXFileReference; lastKnownFileType = file.storyboard; name = Base; path = Base.lproj/Main.storyboard; sourceTree = "<group>"; };
		633CB4B91CEF37A000CB35C7 /* Assets.xcassets */ = {isa = PBXFileReference; lastKnownFileType = folder.assetcatalog; path = Assets.xcassets; sourceTree = "<group>"; };
		633CB4BC1CEF37A000CB35C7 /* Base */ = {isa = PBXFileReference; lastKnownFileType = file.storyboard; name = Base; path = Base.lproj/LaunchScreen.storyboard; sourceTree = "<group>"; };
		633CB4BE1CEF37A000CB35C7 /* Info.plist */ = {isa = PBXFileReference; lastKnownFileType = text.plist.xml; path = Info.plist; sourceTree = "<group>"; };
		633CB4C31CEF37A000CB35C7 /* FIPETests.xctest */ = {isa = PBXFileReference; explicitFileType = wrapper.cfbundle; includeInIndex = 0; path = FIPETests.xctest; sourceTree = BUILT_PRODUCTS_DIR; };
		633CB4C71CEF37A000CB35C7 /* FIPETests.swift */ = {isa = PBXFileReference; lastKnownFileType = sourcecode.swift; path = FIPETests.swift; sourceTree = "<group>"; };
		633CB4C91CEF37A000CB35C7 /* Info.plist */ = {isa = PBXFileReference; lastKnownFileType = text.plist.xml; path = Info.plist; sourceTree = "<group>"; };
		633CB4CE1CEF37A000CB35C7 /* FIPEUITests.xctest */ = {isa = PBXFileReference; explicitFileType = wrapper.cfbundle; includeInIndex = 0; path = FIPEUITests.xctest; sourceTree = BUILT_PRODUCTS_DIR; };
		633CB4D21CEF37A000CB35C7 /* FIPEUITests.swift */ = {isa = PBXFileReference; lastKnownFileType = sourcecode.swift; path = FIPEUITests.swift; sourceTree = "<group>"; };
		633CB4D41CEF37A000CB35C7 /* Info.plist */ = {isa = PBXFileReference; lastKnownFileType = text.plist.xml; path = Info.plist; sourceTree = "<group>"; };
/* End PBXFileReference section */

/* Begin PBXFrameworksBuildPhase section */
		633CB4AC1CEF379F00CB35C7 /* Frameworks */ = {
			isa = PBXFrameworksBuildPhase;
			buildActionMask = 2147483647;
			files = (
			);
			runOnlyForDeploymentPostprocessing = 0;
		};
		633CB4C01CEF37A000CB35C7 /* Frameworks */ = {
			isa = PBXFrameworksBuildPhase;
			buildActionMask = 2147483647;
			files = (
			);
			runOnlyForDeploymentPostprocessing = 0;
		};
		633CB4CB1CEF37A000CB35C7 /* Frameworks */ = {
			isa = PBXFrameworksBuildPhase;
			buildActionMask = 2147483647;
			files = (
			);
			runOnlyForDeploymentPostprocessing = 0;
		};
/* End PBXFrameworksBuildPhase section */

/* Begin PBXGroup section */
		633CB4A61CEF379F00CB35C7 = {
			isa = PBXGroup;
			children = (
				633CB4B11CEF379F00CB35C7 /* FIPE */,
				633CB4C61CEF37A000CB35C7 /* FIPETests */,
				633CB4D11CEF37A000CB35C7 /* FIPEUITests */,
				633CB4B01CEF379F00CB35C7 /* Products */,
			);
			sourceTree = "<group>";
		};
		633CB4B01CEF379F00CB35C7 /* Products */ = {
			isa = PBXGroup;
			children = (
				633CB4AF1CEF379F00CB35C7 /* FIPE.app */,
				633CB4C31CEF37A000CB35C7 /* FIPETests.xctest */,
				633CB4CE1CEF37A000CB35C7 /* FIPEUITests.xctest */,
			);
			name = Products;
			sourceTree = "<group>";
		};
		633CB4B11CEF379F00CB35C7 /* FIPE */ = {
			isa = PBXGroup;
			children = (
				633CB4B21CEF379F00CB35C7 /* AppDelegate.swift */,
				633CB4B41CEF379F00CB35C7 /* ViewController.swift */,
				633CB4B61CEF379F00CB35C7 /* Main.storyboard */,
				633CB4B91CEF37A000CB35C7 /* Assets.xcassets */,
				633CB4BB1CEF37A000CB35C7 /* LaunchScreen.storyboard */,
				633CB4BE1CEF37A000CB35C7 /* Info.plist */,
			);
			path = FIPE;
			sourceTree = "<group>";
		};
		633CB4C61CEF37A000CB35C7 /* FIPETests */ = {
			isa = PBXGroup;
			children = (
				633CB4C71CEF37A000CB35C7 /* FIPETests.swift */,
				633CB4C91CEF37A000CB35C7 /* Info.plist */,
			);
			path = FIPETests;
			sourceTree = "<group>";
		};
		633CB4D11CEF37A000CB35C7 /* FIPEUITests */ = {
			isa = PBXGroup;
			children = (
				633CB4D21CEF37A000CB35C7 /* FIPEUITests.swift */,
				633CB4D41CEF37A000CB35C7 /* Info.plist */,
			);
			path = FIPEUITests;
			sourceTree = "<group>";
		};
/* End PBXGroup section */

/* Begin PBXNativeTarget section */
		633CB4AE1CEF379F00CB35C7 /* FIPE */ = {
			isa = PBXNativeTarget;
			buildConfigurationList = 633CB4D71CEF37A000CB35C7 /* Build configuration list for PBXNativeTarget "FIPE" */;
			buildPhases = (
				633CB4AB1CEF379F00CB35C7 /* Sources */,
				633CB4AC1CEF379F00CB35C7 /* Frameworks */,
				633CB4AD1CEF379F00CB35C7 /* Resources */,
			);
			buildRules = (
			);
			dependencies = (
			);
			name = FIPE;
			productName = FIPE;
			productReference = 633CB4AF1CEF379F00CB35C7 /* FIPE.app */;
			productType = "com.apple.product-type.application";
		};
		633CB4C21CEF37A000CB35C7 /* FIPETests */ = {
			isa = PBXNativeTarget;
			buildConfigurationList = 633CB4DA1CEF37A000CB35C7 /* Build configuration list for PBXNativeTarget "FIPETests" */;
			buildPhases = (
				633CB4BF1CEF37A000CB35C7 /* Sources */,
				633CB4C01CEF37A000CB35C7 /* Frameworks */,
				633CB4C11CEF37A000CB35C7 /* Resources */,
			);
			buildRules = (
			);
			dependencies = (
				633CB4C51CEF37A000CB35C7 /* PBXTargetDependency */,
			);
			name = FIPETests;
			productName = FIPETests;
			productReference = 633CB4C31CEF37A000CB35C7 /* FIPETests.xctest */;
			productType = "com.apple.product-type.bundle.unit-test";
		};
		633CB4CD1CEF37A000CB35C7 /* FIPEUITests */ = {
			isa = PBXNativeTarget;
			buildConfigurationList = 633CB4DD1CEF37A000CB35C7 /* Build configuration list for PBXNativeTarget "FIPEUITests" */;
			buildPhases = (
				633CB4CA1CEF37A000CB35C7 /* Sources */,
				633CB4CB1CEF37A000CB35C7 /* Frameworks */,
				633CB4CC1CEF37A000CB35C7 /* Resources */,
			);
			buildRules = (
			);
			dependencies = (
				633CB4D01CEF37A000CB35C7 /* PBXTargetDependency */,
			);
			name = FIPEUITests;
			productName = FIPEUITests;
			productReference = 633CB4CE1CEF37A000CB35C7 /* FIPEUITests.xctest */;
			productType = "com.apple.product-type.bundle.ui-testing";
		};
/* End PBXNativeTarget section */

/* Begin PBXProject section */
		633CB4A71CEF379F00CB35C7 /* Project object */ = {
			isa = PBXProject;
			attributes = {
				LastSwiftUpdateCheck = 0730;
				LastUpgradeCheck = 0730;
				ORGANIZATIONNAME = "David Willian Berri";
				TargetAttributes = {
					633CB4AE1CEF379F00CB35C7 = {
						CreatedOnToolsVersion = 7.3;
						DevelopmentTeam = K8FS5EY4GG;
					};
					633CB4C21CEF37A000CB35C7 = {
						CreatedOnToolsVersion = 7.3;
						DevelopmentTeam = K8FS5EY4GG;
						TestTargetID = 633CB4AE1CEF379F00CB35C7;
					};
					633CB4CD1CEF37A000CB35C7 = {
						CreatedOnToolsVersion = 7.3;
						DevelopmentTeam = K8FS5EY4GG;
						TestTargetID = 633CB4AE1CEF379F00CB35C7;
					};
				};
			};
			buildConfigurationList = 633CB4AA1CEF379F00CB35C7 /* Build configuration list for PBXProject "FIPE" */;
			compatibilityVersion = "Xcode 3.2";
			developmentRegion = English;
			hasScannedForEncodings = 0;
			knownRegions = (
				en,
				Base,
			);
			mainGroup = 633CB4A61CEF379F00CB35C7;
			productRefGroup = 633CB4B01CEF379F00CB35C7 /* Products */;
			projectDirPath = "";
			projectRoot = "";
			targets = (
				633CB4AE1CEF379F00CB35C7 /* FIPE */,
				633CB4C21CEF37A000CB35C7 /* FIPETests */,
				633CB4CD1CEF37A000CB35C7 /* FIPEUITests */,
			);
		};
/* End PBXProject section */

/* Begin PBXResourcesBuildPhase section */
		633CB4AD1CEF379F00CB35C7 /* Resources */ = {
			isa = PBXResourcesBuildPhase;
			buildActionMask = 2147483647;
			files = (
				633CB4BD1CEF37A000CB35C7 /* LaunchScreen.storyboard in Resources */,
				633CB4BA1CEF37A000CB35C7 /* Assets.xcassets in Resources */,
				633CB4B81CEF379F00CB35C7 /* Main.storyboard in Resources */,
			);
			runOnlyForDeploymentPostprocessing = 0;
		};
		633CB4C11CEF37A000CB35C7 /* Resources */ = {
			isa = PBXResourcesBuildPhase;
			buildActionMask = 2147483647;
			files = (
			);
			runOnlyForDeploymentPostprocessing = 0;
		};
		633CB4CC1CEF37A000CB35C7 /* Resources */ = {
			isa = PBXResourcesBuildPhase;
			buildActionMask = 2147483647;
			files = (
			);
			runOnlyForDeploymentPostprocessing = 0;
		};
/* End PBXResourcesBuildPhase section */

/* Begin PBXSourcesBuildPhase section */
		633CB4AB1CEF379F00CB35C7 /* Sources */ = {
			isa = PBXSourcesBuildPhase;
			buildActionMask = 2147483647;
			files = (
				633CB4B51CEF379F00CB35C7 /* ViewController.swift in Sources */,
				633CB4B31CEF379F00CB35C7 /* AppDelegate.swift in Sources */,
			);
			runOnlyForDeploymentPostprocessing = 0;
		};
		633CB4BF1CEF37A000CB35C7 /* Sources */ = {
			isa = PBXSourcesBuildPhase;
			buildActionMask = 2147483647;
			files = (
				633CB4C81CEF37A000CB35C7 /* FIPETests.swift in Sources */,
			);
			runOnlyForDeploymentPostprocessing = 0;
		};
		633CB4CA1CEF37A000CB35C7 /* Sources */ = {
			isa = PBXSourcesBuildPhase;
			buildActionMask = 2147483647;
			files = (
				633CB4D31CEF37A000CB35C7 /* FIPEUITests.swift in Sources */,
			);
			runOnlyForDeploymentPostprocessing = 0;
		};
/* End PBXSourcesBuildPhase section */

/* Begin PBXTargetDependency section */
		633CB4C51CEF37A000CB35C7 /* PBXTargetDependency */ = {
			isa = PBXTargetDependency;
			target = 633CB4AE1CEF379F00CB35C7 /* FIPE */;
			targetProxy = 633CB4C41CEF37A000CB35C7 /* PBXContainerItemProxy */;
		};
		633CB4D01CEF37A000CB35C7 /* PBXTargetDependency */ = {
			isa = PBXTargetDependency;
			target = 633CB4AE1CEF379F00CB35C7 /* FIPE */;
			targetProxy = 633CB4CF1CEF37A000CB35C7 /* PBXContainerItemProxy */;
		};
/* End PBXTargetDependency section */

/* Begin PBXVariantGroup section */
		633CB4B61CEF379F00CB35C7 /* Main.storyboard */ = {
			isa = PBXVariantGroup;
			children = (
				633CB4B71CEF379F00CB35C7 /* Base */,
			);
			name = Main.storyboard;
			sourceTree = "<group>";
		};
		633CB4BB1CEF37A000CB35C7 /* LaunchScreen.storyboard */ = {
			isa = PBXVariantGroup;
			children = (
				633CB4BC1CEF37A000CB35C7 /* Base */,
			);
			name = LaunchScreen.storyboard;
			sourceTree = "<group>";
		};
/* End PBXVariantGroup section */

/* Begin XCBuildConfiguration section */
		633CB4D51CEF37A000CB35C7 /* Debug */ = {
			isa = XCBuildConfiguration;
			buildSettings = {
				ALWAYS_SEARCH_USER_PATHS = NO;
				CLANG_ANALYZER_NONNULL = YES;
				CLANG_CXX_LANGUAGE_STANDARD = "gnu++0x";
				CLANG_CXX_LIBRARY = "libc++";
				CLANG_ENABLE_MODULES = YES;
				CLANG_ENABLE_OBJC_ARC = YES;
				CLANG_WARN_BOOL_CONVERSION = YES;
				CLANG_WARN_CONSTANT_CONVERSION = YES;
				CLANG_WARN_DIRECT_OBJC_ISA_USAGE = YES_ERROR;
				CLANG_WARN_EMPTY_BODY = YES;
				CLANG_WARN_ENUM_CONVERSION = YES;
				CLANG_WARN_INT_CONVERSION = YES;
				CLANG_WARN_OBJC_ROOT_CLASS = YES_ERROR;
				CLANG_WARN_UNREACHABLE_CODE = YES;
				CLANG_WARN__DUPLICATE_METHOD_MATCH = YES;
				"CODE_SIGN_IDENTITY[sdk=iphoneos*]" = "iPhone Developer";
				COPY_PHASE_STRIP = NO;
				DEBUG_INFORMATION_FORMAT = dwarf;
				ENABLE_STRICT_OBJC_MSGSEND = YES;
				ENABLE_TESTABILITY = YES;
				GCC_C_LANGUAGE_STANDARD = gnu99;
				GCC_DYNAMIC_NO_PIC = NO;
				GCC_NO_COMMON_BLOCKS = YES;
				GCC_OPTIMIZATION_LEVEL = 0;
				GCC_PREPROCESSOR_DEFINITIONS = (
					"DEBUG=1",
					"$(inherited)",
				);
				GCC_WARN_64_TO_32_BIT_CONVERSION = YES;
				GCC_WARN_ABOUT_RETURN_TYPE = YES_ERROR;
				GCC_WARN_UNDECLARED_SELECTOR = YES;
				GCC_WARN_UNINITIALIZED_AUTOS = YES_AGGRESSIVE;
				GCC_WARN_UNUSED_FUNCTION = YES;
				GCC_WARN_UNUSED_VARIABLE = YES;
				IPHONEOS_DEPLOYMENT_TARGET = 9.3;
				MTL_ENABLE_DEBUG_INFO = YES;
				ONLY_ACTIVE_ARCH = YES;
				SDKROOT = iphoneos;
				SWIFT_OPTIMIZATION_LEVEL = "-Onone";
			};
			name = Debug;
		};
		633CB4D61CEF37A000CB35C7 /* Release */ = {
			isa = XCBuildConfiguration;
			buildSettings = {
				ALWAYS_SEARCH_USER_PATHS = NO;
				CLANG_ANALYZER_NONNULL = YES;
				CLANG_CXX_LANGUAGE_STANDARD = "gnu++0x";
				CLANG_CXX_LIBRARY = "libc++";
				CLANG_ENABLE_MODULES = YES;
				CLANG_ENABLE_OBJC_ARC = YES;
				CLANG_WARN_BOOL_CONVERSION = YES;
				CLANG_WARN_CONSTANT_CONVERSION = YES;
				CLANG_WARN_DIRECT_OBJC_ISA_USAGE = YES_ERROR;
				CLANG_WARN_EMPTY_BODY = YES;
				CLANG_WARN_ENUM_CONVERSION = YES;
				CLANG_WARN_INT_CONVERSION = YES;
				CLANG_WARN_OBJC_ROOT_CLASS = YES_ERROR;
				CLANG_WARN_UNREACHABLE_CODE = YES;
				CLANG_WARN__DUPLICATE_METHOD_MATCH = YES;
				"CODE_SIGN_IDENTITY[sdk=iphoneos*]" = "iPhone Developer";
				COPY_PHASE_STRIP = NO;
				DEBUG_INFORMATION_FORMAT = "dwarf-with-dsym";
				ENABLE_NS_ASSERTIONS = NO;
				ENABLE_STRICT_OBJC_MSGSEND = YES;
				GCC_C_LANGUAGE_STANDARD = gnu99;
				GCC_NO_COMMON_BLOCKS = YES;
				GCC_WARN_64_TO_32_BIT_CONVERSION = YES;
				GCC_WARN_ABOUT_RETURN_TYPE = YES_ERROR;
				GCC_WARN_UNDECLARED_SELECTOR = YES;
				GCC_WARN_UNINITIALIZED_AUTOS = YES_AGGRESSIVE;
				GCC_WARN_UNUSED_FUNCTION = YES;
				GCC_WARN_UNUSED_VARIABLE = YES;
				IPHONEOS_DEPLOYMENT_TARGET = 9.3;
				MTL_ENABLE_DEBUG_INFO = NO;
				SDKROOT = iphoneos;
				VALIDATE_PRODUCT = YES;
			};
			name = Release;
		};
		633CB4D81CEF37A000CB35C7 /* Debug */ = {
			isa = XCBuildConfiguration;
			buildSettings = {
				ASSETCATALOG_COMPILER_APPICON_NAME = AppIcon;
				INFOPLIST_FILE = FIPE/Info.plist;
				LD_RUNPATH_SEARCH_PATHS = "$(inherited) @executable_path/Frameworks";
				PRODUCT_BUNDLE_IDENTIFIER = com.davidberri.FIPE;
				PRODUCT_NAME = "$(TARGET_NAME)";
			};
			name = Debug;
		};
		633CB4D91CEF37A000CB35C7 /* Release */ = {
			isa = XCBuildConfiguration;
			buildSettings = {
				ASSETCATALOG_COMPILER_APPICON_NAME = AppIcon;
				INFOPLIST_FILE = FIPE/Info.plist;
				LD_RUNPATH_SEARCH_PATHS = "$(inherited) @executable_path/Frameworks";
				PRODUCT_BUNDLE_IDENTIFIER = com.davidberri.FIPE;
				PRODUCT_NAME = "$(TARGET_NAME)";
			};
			name = Release;
		};
		633CB4DB1CEF37A000CB35C7 /* Debug */ = {
			isa = XCBuildConfiguration;
			buildSettings = {
				BUNDLE_LOADER = "$(TEST_HOST)";
				INFOPLIST_FILE = FIPETests/Info.plist;
				LD_RUNPATH_SEARCH_PATHS = "$(inherited) @executable_path/Frameworks @loader_path/Frameworks";
				PRODUCT_BUNDLE_IDENTIFIER = com.davidberri.FIPETests;
				PRODUCT_NAME = "$(TARGET_NAME)";
				TEST_HOST = "$(BUILT_PRODUCTS_DIR)/FIPE.app/FIPE";
			};
			name = Debug;
		};
		633CB4DC1CEF37A000CB35C7 /* Release */ = {
			isa = XCBuildConfiguration;
			buildSettings = {
				BUNDLE_LOADER = "$(TEST_HOST)";
				INFOPLIST_FILE = FIPETests/Info.plist;
				LD_RUNPATH_SEARCH_PATHS = "$(inherited) @executable_path/Frameworks @loader_path/Frameworks";
				PRODUCT_BUNDLE_IDENTIFIER = com.davidberri.FIPETests;
				PRODUCT_NAME = "$(TARGET_NAME)";
				TEST_HOST = "$(BUILT_PRODUCTS_DIR)/FIPE.app/FIPE";
			};
			name = Release;
		};
		633CB4DE1CEF37A000CB35C7 /* Debug */ = {
			isa = XCBuildConfiguration;
			buildSettings = {
				INFOPLIST_FILE = FIPEUITests/Info.plist;
				LD_RUNPATH_SEARCH_PATHS = "$(inherited) @executable_path/Frameworks @loader_path/Frameworks";
				PRODUCT_BUNDLE_IDENTIFIER = com.davidberri.FIPEUITests;
				PRODUCT_NAME = "$(TARGET_NAME)";
				TEST_TARGET_NAME = FIPE;
			};
			name = Debug;
		};
		633CB4DF1CEF37A000CB35C7 /* Release */ = {
			isa = XCBuildConfiguration;
			buildSettings = {
				INFOPLIST_FILE = FIPEUITests/Info.plist;
				LD_RUNPATH_SEARCH_PATHS = "$(inherited) @executable_path/Frameworks @loader_path/Frameworks";
				PRODUCT_BUNDLE_IDENTIFIER = com.davidberri.FIPEUITests;
				PRODUCT_NAME = "$(TARGET_NAME)";
				TEST_TARGET_NAME = FIPE;
			};
			name = Release;
		};
/* End XCBuildConfiguration section */

/* Begin XCConfigurationList section */
		633CB4AA1CEF379F00CB35C7 /* Build configuration list for PBXProject "FIPE" */ = {
			isa = XCConfigurationList;
			buildConfigurations = (
				633CB4D51CEF37A000CB35C7 /* Debug */,
				633CB4D61CEF37A000CB35C7 /* Release */,
			);
			defaultConfigurationIsVisible = 0;
			defaultConfigurationName = Release;
		};
		633CB4D71CEF37A000CB35C7 /* Build configuration list for PBXNativeTarget "FIPE" */ = {
			isa = XCConfigurationList;
			buildConfigurations = (
				633CB4D81CEF37A000CB35C7 /* Debug */,
				633CB4D91CEF37A000CB35C7 /* Release */,
			);
			defaultConfigurationIsVisible = 0;
		};
		633CB4DA1CEF37A000CB35C7 /* Build configuration list for PBXNativeTarget "FIPETests" */ = {
			isa = XCConfigurationList;
			buildConfigurations = (
				633CB4DB1CEF37A000CB35C7 /* Debug */,
				633CB4DC1CEF37A000CB35C7 /* Release */,
			);
			defaultConfigurationIsVisible = 0;
		};
		633CB4DD1CEF37A000CB35C7 /* Build configuration list for PBXNativeTarget "FIPEUITests" */ = {
			isa = XCConfigurationList;
			buildConfigurations = (
				633CB4DE1CEF37A000CB35C7 /* Debug */,
				633CB4DF1CEF37A000CB35C7 /* Release */,
			);
			defaultConfigurationIsVisible = 0;
		};
/* End XCConfigurationList section */
	};
	rootObject = 633CB4A71CEF379F00CB35C7 /* Project object */;
}
